PODS:
  - SMCloudServices (1.5.1):
    - StarIO_Extension
  - StarIO (2.7.0)
  - StarIO_Extension (1.14.0):
    - StarIO

DEPENDENCIES:
  - SMCloudServices (= 1.5.1)
  - StarIO (= 2.7.0)
  - StarIO_Extension (= 1.14.0)

SPEC REPOS:
  trunk:
    - SMCloudServices
    - StarIO
    - StarIO_Extension

SPEC CHECKSUMS:
  SMCloudServices: d31c07b85289d68db7d0ada0b91fb5a1c078e694
  StarIO: 2d29cff48971173f40191dc9b3e23e5a6863b9da
  StarIO_Extension: 99eb938cd82cea249f298fe5a35074e9aaedf6d7

PODFILE CHECKSUM: e0233a1be7e7e47fc93a32d47a5119c9be1e1437

COCOAPODS: 1.8.4
